{
  "name": "@bowerbird-poc/shopify-thank-you",
  "version": "0.0.0",
  "lockfileVersion": 3,
  "requires": true,
  "packages": {
    "": {
      "name": "@bowerbird-poc/shopify-thank-you",
      "version": "0.0.0",
      "dependencies": {
        "@shopify/cli": "^3.78.0"
      }
    },
    "../../node_modules/.pnpm/@shopify+cli@3.90.1/node_modules/@shopify/cli": {
      "version": "3.90.1",
      "license": "MIT",
      "os": [
        "darwin",
        "linux",
        "win32"
      ],
      "dependencies": {
        "@ast-grep/napi": "0.33.0",
        "esbuild": "0.25.12",
        "global-agent": "3.0.0"
      },
      "bin": {
        "shopify": "bin/run.js"
      },
      "devDependencies": {
        "@oclif/core": "4.5.3",
        "@oclif/plugin-commands": "4.1.33",
        "@oclif/plugin-plugins": "5.4.47",
        "@shopify/app": "3.90.1",
        "@shopify/cli-hydrogen": "11.1.5",
        "@shopify/cli-kit": "3.90.1",
        "@shopify/plugin-cloudflare": "3.90.1",
        "@shopify/plugin-did-you-mean": "3.90.1",
        "@shopify/theme": "3.90.1",
        "@types/global-agent": "3.0.0",
        "@typescript-eslint/eslint-plugin": "7.13.1",
        "@vitest/coverage-istanbul": "^3.1.4",
        "esbuild-plugin-copy": "^2.1.1",
        "espree": "9.6.1"
      },
      "engines": {
        "node": ">=20.10.0"
      }
    },
    "node_modules/@shopify/cli": {
      "resolved": "../../node_modules/.pnpm/@shopify+cli@3.90.1/node_modules/@shopify/cli",
      "link": true
    }
  }
}
